{
  "name": "@jser/vue-ts-converter",
  "version": "1.0.0",
  "lockfileVersion": 1,
  "requires": true,
  "dependencies": {
    "@types/node": {
      "version": "11.13.4",
      "resolved": "http://registry.npm.taobao.org/@types/node/download/@types/node-11.13.4.tgz?cache=0&other_urls=http%3A%2F%2Fregistry.npm.taobao.org%2F%40types%2Fnode%2Fdownload%2F%40types%2Fnode-11.13.4.tgz",
      "integrity": "sha1-+D7Dw+BbF0tyQfretmiCZ/5bIso=",
      "dev": true
    },
    "typescript": {
      "version": "3.4.3",
      "resolved": "http://registry.npm.taobao.org/typescript/download/typescript-3.4.3.tgz?cache=0&other_urls=http%3A%2F%2Fregistry.npm.taobao.org%2Ftypescript%2Fdownload%2Ftypescript-3.4.3.tgz",
      "integrity": "sha1-DrMg5KzpsQ6t9bxhAyhrD4t8Ik8=",
      "dev": true
    }
  }
}
